
Microsoft Visual Studio Solution File, Format Version 12.00
# Visual Studio Version 17
VisualStudioVersion = 17.0.31903.59
MinimumVisualStudioVersion = 10.0.40219.1
Project("{F2A71F9B-5D33-465A-A702-920D77279786}") = "Furst.Frontend", "main\Furst.Frontend.fsproj", "{896AFAEE-937F-412F-8ABA-CCE586CE9B3D}"
EndProject
Project("{F2A71F9B-5D33-465A-A702-920D77279786}") = "Furst.Tests", "tests\Furst.Tests.fsproj", "{DB8D48B0-8C42-4F59-888F-86F8B8979341}"
EndProject
Project("{2150E333-8FDC-42A3-9474-1A3956D46DE8}") = "misc", "misc", "{49B03D08-EAD5-421C-86B1-2578B54DD337}"
	ProjectSection(SolutionItems) = preProject
		test.fsx = test.fsx
		aitest.fsx = aitest.fsx
	EndProjectSection
EndProject
Global
	GlobalSection(SolutionConfigurationPlatforms) = preSolution
		Debug|Any CPU = Debug|Any CPU
		Release|Any CPU = Release|Any CPU
	EndGlobalSection
	GlobalSection(SolutionProperties) = preSolution
		HideSolutionNode = FALSE
	EndGlobalSection
	GlobalSection(ProjectConfigurationPlatforms) = postSolution
		{896AFAEE-937F-412F-8ABA-CCE586CE9B3D}.Debug|Any CPU.ActiveCfg = Debug|Any CPU
		{896AFAEE-937F-412F-8ABA-CCE586CE9B3D}.Debug|Any CPU.Build.0 = Debug|Any CPU
		{896AFAEE-937F-412F-8ABA-CCE586CE9B3D}.Release|Any CPU.ActiveCfg = Release|Any CPU
		{896AFAEE-937F-412F-8ABA-CCE586CE9B3D}.Release|Any CPU.Build.0 = Release|Any CPU
		{DB8D48B0-8C42-4F59-888F-86F8B8979341}.Debug|Any CPU.ActiveCfg = Debug|Any CPU
		{DB8D48B0-8C42-4F59-888F-86F8B8979341}.Debug|Any CPU.Build.0 = Debug|Any CPU
		{DB8D48B0-8C42-4F59-888F-86F8B8979341}.Release|Any CPU.ActiveCfg = Release|Any CPU
		{DB8D48B0-8C42-4F59-888F-86F8B8979341}.Release|Any CPU.Build.0 = Release|Any CPU
	EndGlobalSection
EndGlobal
