
Microsoft Visual Studio Solution File, Format Version 12.00
# Visual Studio Version 17
VisualStudioVersion = 17.0.31903.59
MinimumVisualStudioVersion = 10.0.40219.1
Project("{F2A71F9B-5D33-465A-A702-920D77279786}") = "Furst.Tests", "tests\Furst.Tests.fsproj", "{DB8D48B0-8C42-4F59-888F-86F8B8979341}"
EndProject
Project("{2150E333-8FDC-42A3-9474-1A3956D46DE8}") = "src", "src", "{D4999286-19A3-47FA-B81A-83347B25E412}"
EndProject
Project("{F2A71F9B-5D33-465A-A702-920D77279786}") = "Furst.Compiler", "src\compiler\Furst.Compiler.fsproj", "{A1B2C3D4-E5F6-7890-ABCD-EF1234567890}"
EndProject
Project("{F2A71F9B-5D33-465A-A702-920D77279786}") = "Furst.Furstp", "src\furstp\Furst.Furstp.fsproj", "{B2C3D4E5-F6A7-8901-BCDE-F12345678901}"
EndProject
Project("{F2A71F9B-5D33-465A-A702-920D77279786}") = "Furst.Cli", "src\furst\Furst.Cli.fsproj", "{C3D4E5F6-A7B8-9012-CDEF-123456789012}"
EndProject
Global
	GlobalSection(SolutionConfigurationPlatforms) = preSolution
		Debug|Any CPU = Debug|Any CPU
		Release|Any CPU = Release|Any CPU
	EndGlobalSection
	GlobalSection(SolutionProperties) = preSolution
		HideSolutionNode = FALSE
	EndGlobalSection
	GlobalSection(ProjectConfigurationPlatforms) = postSolution
		{DB8D48B0-8C42-4F59-888F-86F8B8979341}.Debug|Any CPU.ActiveCfg = Debug|Any CPU
		{DB8D48B0-8C42-4F59-888F-86F8B8979341}.Debug|Any CPU.Build.0 = Debug|Any CPU
		{DB8D48B0-8C42-4F59-888F-86F8B8979341}.Release|Any CPU.ActiveCfg = Release|Any CPU
		{DB8D48B0-8C42-4F59-888F-86F8B8979341}.Release|Any CPU.Build.0 = Release|Any CPU
		{A1B2C3D4-E5F6-7890-ABCD-EF1234567890}.Debug|Any CPU.ActiveCfg = Debug|Any CPU
		{A1B2C3D4-E5F6-7890-ABCD-EF1234567890}.Debug|Any CPU.Build.0 = Debug|Any CPU
		{A1B2C3D4-E5F6-7890-ABCD-EF1234567890}.Release|Any CPU.ActiveCfg = Release|Any CPU
		{A1B2C3D4-E5F6-7890-ABCD-EF1234567890}.Release|Any CPU.Build.0 = Release|Any CPU
		{B2C3D4E5-F6A7-8901-BCDE-F12345678901}.Debug|Any CPU.ActiveCfg = Debug|Any CPU
		{B2C3D4E5-F6A7-8901-BCDE-F12345678901}.Debug|Any CPU.Build.0 = Debug|Any CPU
		{B2C3D4E5-F6A7-8901-BCDE-F12345678901}.Release|Any CPU.ActiveCfg = Release|Any CPU
		{B2C3D4E5-F6A7-8901-BCDE-F12345678901}.Release|Any CPU.Build.0 = Release|Any CPU
		{C3D4E5F6-A7B8-9012-CDEF-123456789012}.Debug|Any CPU.ActiveCfg = Debug|Any CPU
		{C3D4E5F6-A7B8-9012-CDEF-123456789012}.Debug|Any CPU.Build.0 = Debug|Any CPU
		{C3D4E5F6-A7B8-9012-CDEF-123456789012}.Release|Any CPU.ActiveCfg = Release|Any CPU
		{C3D4E5F6-A7B8-9012-CDEF-123456789012}.Release|Any CPU.Build.0 = Release|Any CPU
	EndGlobalSection
	GlobalSection(NestedProjects) = preSolution
		{A1B2C3D4-E5F6-7890-ABCD-EF1234567890} = {D4999286-19A3-47FA-B81A-83347B25E412}
		{B2C3D4E5-F6A7-8901-BCDE-F12345678901} = {D4999286-19A3-47FA-B81A-83347B25E412}
		{C3D4E5F6-A7B8-9012-CDEF-123456789012} = {D4999286-19A3-47FA-B81A-83347B25E412}
	EndGlobalSection
EndGlobal
